
Microsoft Visual Studio Solution File, Format Version 12.00
# Visual Studio Version 16
VisualStudioVersion = 16.0.29306.81
MinimumVisualStudioVersion = 10.0.40219.1
Project("{FAE04EC0-301F-11D3-BF4B-00C04F79EFBC}") = "UI_DataList", "UI_DataList\UI_DataList.csproj", "{BEE3C803-FC62-43CC-AF8C-B235C8D51358}"
EndProject
Project("{FAE04EC0-301F-11D3-BF4B-00C04F79EFBC}") = "UI_Chart", "UI_Chart\UI_Chart.csproj", "{BE889C30-FC1C-4B2F-8686-44E4BB0FC333}"
EndProject
Project("{FAE04EC0-301F-11D3-BF4B-00C04F79EFBC}") = "UI_Data", "UI_Data\UI_Data.csproj", "{8DCE4CE3-E4E2-4667-BD60-DCF9DD413426}"
EndProject
Project("{2150E333-8FDC-42A3-9474-1A3956D46DE8}") = "SillyMonkeyFolder", "SillyMonkeyFolder", "{813FF9BB-385C-4C4B-B670-BA0C678FDAD3}"
EndProject
Project("{FAE04EC0-301F-11D3-BF4B-00C04F79EFBC}") = "SillyMonkey", "SillyMonkey\SillyMonkey.csproj", "{7628E1DB-9B66-44C4-B3EE-BD55261452D6}"
EndProject
Project("{FAE04EC0-301F-11D3-BF4B-00C04F79EFBC}") = "SillyMonkey.Core", "SillyMonkey.Core\SillyMonkey.Core.csproj", "{0649EF81-84CA-4882-BB22-C0599BE5D3D1}"
EndProject
Project("{FAE04EC0-301F-11D3-BF4B-00C04F79EFBC}") = "DataContainer", "DataContainer\DataContainer.csproj", "{CF9CB8AC-B5A1-49C1-BF3F-C24242A24A9E}"
EndProject
Project("{FAE04EC0-301F-11D3-BF4B-00C04F79EFBC}") = "FileReader", "FileReader\FileReader.csproj", "{55776D52-9E3D-4509-925F-695FC9D8EA54}"
EndProject
Project("{FAE04EC0-301F-11D3-BF4B-00C04F79EFBC}") = "Utils", "Utils\Utils.csproj", "{F07F0021-C221-4B7A-BF16-9381A80417BD}"
EndProject
Project("{FAE04EC0-301F-11D3-BF4B-00C04F79EFBC}") = "MapBase", "MapBase\MapBase.csproj", "{D51805D7-6133-4DB3-9F5C-0FC506165D59}"
EndProject
Project("{FAE04EC0-301F-11D3-BF4B-00C04F79EFBC}") = "FastWpfGrid", "FastWpfGrid\FastWpfGrid.csproj", "{E9D6F03C-BFB5-4D31-A15E-7F789B4BBCC3}"
EndProject
Project("{FAE04EC0-301F-11D3-BF4B-00C04F79EFBC}") = "WriteableBitmapExx", "WriteableBitmapEx\WriteableBitmapExx.csproj", "{B0AA6A94-6784-4221-81F0-244A68C374C0}"
EndProject
Project("{FAE04EC0-301F-11D3-BF4B-00C04F79EFBC}") = "fastGridTest", "fastGridTest\fastGridTest.csproj", "{F19B58CF-07A6-4DAD-9ACE-D8C0E0BCA064}"
	ProjectSection(ProjectDependencies) = postProject
		{B0AA6A94-6784-4221-81F0-244A68C374C0} = {B0AA6A94-6784-4221-81F0-244A68C374C0}
	EndProjectSection
EndProject
Project("{FAE04EC0-301F-11D3-BF4B-00C04F79EFBC}") = "ReadTest", "ReadTest\ReadTest.csproj", "{9A0DEE1E-4CF7-4B5B-B76E-5DC4C7C9BBA6}"
EndProject
Global
	GlobalSection(SolutionConfigurationPlatforms) = preSolution
		Debug|Any CPU = Debug|Any CPU
		Debug|x64 = Debug|x64
		Release|Any CPU = Release|Any CPU
		Release|x64 = Release|x64
	EndGlobalSection
	GlobalSection(ProjectConfigurationPlatforms) = postSolution
		{BEE3C803-FC62-43CC-AF8C-B235C8D51358}.Debug|Any CPU.ActiveCfg = Debug|Any CPU
		{BEE3C803-FC62-43CC-AF8C-B235C8D51358}.Debug|Any CPU.Build.0 = Debug|Any CPU
		{BEE3C803-FC62-43CC-AF8C-B235C8D51358}.Debug|x64.ActiveCfg = Debug|x64
		{BEE3C803-FC62-43CC-AF8C-B235C8D51358}.Debug|x64.Build.0 = Debug|x64
		{BEE3C803-FC62-43CC-AF8C-B235C8D51358}.Release|Any CPU.ActiveCfg = Release|Any CPU
		{BEE3C803-FC62-43CC-AF8C-B235C8D51358}.Release|Any CPU.Build.0 = Release|Any CPU
		{BEE3C803-FC62-43CC-AF8C-B235C8D51358}.Release|x64.ActiveCfg = Release|x64
		{BEE3C803-FC62-43CC-AF8C-B235C8D51358}.Release|x64.Build.0 = Release|x64
		{BE889C30-FC1C-4B2F-8686-44E4BB0FC333}.Debug|Any CPU.ActiveCfg = Debug|Any CPU
		{BE889C30-FC1C-4B2F-8686-44E4BB0FC333}.Debug|Any CPU.Build.0 = Debug|Any CPU
		{BE889C30-FC1C-4B2F-8686-44E4BB0FC333}.Debug|x64.ActiveCfg = Debug|x64
		{BE889C30-FC1C-4B2F-8686-44E4BB0FC333}.Debug|x64.Build.0 = Debug|x64
		{BE889C30-FC1C-4B2F-8686-44E4BB0FC333}.Release|Any CPU.ActiveCfg = Release|Any CPU
		{BE889C30-FC1C-4B2F-8686-44E4BB0FC333}.Release|Any CPU.Build.0 = Release|Any CPU
		{BE889C30-FC1C-4B2F-8686-44E4BB0FC333}.Release|x64.ActiveCfg = Release|x64
		{BE889C30-FC1C-4B2F-8686-44E4BB0FC333}.Release|x64.Build.0 = Release|x64
		{8DCE4CE3-E4E2-4667-BD60-DCF9DD413426}.Debug|Any CPU.ActiveCfg = Debug|Any CPU
		{8DCE4CE3-E4E2-4667-BD60-DCF9DD413426}.Debug|Any CPU.Build.0 = Debug|Any CPU
		{8DCE4CE3-E4E2-4667-BD60-DCF9DD413426}.Debug|x64.ActiveCfg = Debug|x64
		{8DCE4CE3-E4E2-4667-BD60-DCF9DD413426}.Debug|x64.Build.0 = Debug|x64
		{8DCE4CE3-E4E2-4667-BD60-DCF9DD413426}.Release|Any CPU.ActiveCfg = Release|Any CPU
		{8DCE4CE3-E4E2-4667-BD60-DCF9DD413426}.Release|Any CPU.Build.0 = Release|Any CPU
		{8DCE4CE3-E4E2-4667-BD60-DCF9DD413426}.Release|x64.ActiveCfg = Release|x64
		{8DCE4CE3-E4E2-4667-BD60-DCF9DD413426}.Release|x64.Build.0 = Release|x64
		{7628E1DB-9B66-44C4-B3EE-BD55261452D6}.Debug|Any CPU.ActiveCfg = Debug|Any CPU
		{7628E1DB-9B66-44C4-B3EE-BD55261452D6}.Debug|Any CPU.Build.0 = Debug|Any CPU
		{7628E1DB-9B66-44C4-B3EE-BD55261452D6}.Debug|x64.ActiveCfg = Debug|x64
		{7628E1DB-9B66-44C4-B3EE-BD55261452D6}.Debug|x64.Build.0 = Debug|x64
		{7628E1DB-9B66-44C4-B3EE-BD55261452D6}.Release|Any CPU.ActiveCfg = Release|Any CPU
		{7628E1DB-9B66-44C4-B3EE-BD55261452D6}.Release|Any CPU.Build.0 = Release|Any CPU
		{7628E1DB-9B66-44C4-B3EE-BD55261452D6}.Release|x64.ActiveCfg = Release|x64
		{7628E1DB-9B66-44C4-B3EE-BD55261452D6}.Release|x64.Build.0 = Release|x64
		{0649EF81-84CA-4882-BB22-C0599BE5D3D1}.Debug|Any CPU.ActiveCfg = Debug|Any CPU
		{0649EF81-84CA-4882-BB22-C0599BE5D3D1}.Debug|Any CPU.Build.0 = Debug|Any CPU
		{0649EF81-84CA-4882-BB22-C0599BE5D3D1}.Debug|x64.ActiveCfg = Debug|x64
		{0649EF81-84CA-4882-BB22-C0599BE5D3D1}.Debug|x64.Build.0 = Debug|x64
		{0649EF81-84CA-4882-BB22-C0599BE5D3D1}.Release|Any CPU.ActiveCfg = Release|Any CPU
		{0649EF81-84CA-4882-BB22-C0599BE5D3D1}.Release|Any CPU.Build.0 = Release|Any CPU
		{0649EF81-84CA-4882-BB22-C0599BE5D3D1}.Release|x64.ActiveCfg = Release|x64
		{0649EF81-84CA-4882-BB22-C0599BE5D3D1}.Release|x64.Build.0 = Release|x64
		{CF9CB8AC-B5A1-49C1-BF3F-C24242A24A9E}.Debug|Any CPU.ActiveCfg = Debug|Any CPU
		{CF9CB8AC-B5A1-49C1-BF3F-C24242A24A9E}.Debug|Any CPU.Build.0 = Debug|Any CPU
		{CF9CB8AC-B5A1-49C1-BF3F-C24242A24A9E}.Debug|x64.ActiveCfg = Debug|x64
		{CF9CB8AC-B5A1-49C1-BF3F-C24242A24A9E}.Debug|x64.Build.0 = Debug|x64
		{CF9CB8AC-B5A1-49C1-BF3F-C24242A24A9E}.Release|Any CPU.ActiveCfg = Release|Any CPU
		{CF9CB8AC-B5A1-49C1-BF3F-C24242A24A9E}.Release|Any CPU.Build.0 = Release|Any CPU
		{CF9CB8AC-B5A1-49C1-BF3F-C24242A24A9E}.Release|x64.ActiveCfg = Release|x64
		{CF9CB8AC-B5A1-49C1-BF3F-C24242A24A9E}.Release|x64.Build.0 = Release|x64
		{55776D52-9E3D-4509-925F-695FC9D8EA54}.Debug|Any CPU.ActiveCfg = Debug|Any CPU
		{55776D52-9E3D-4509-925F-695FC9D8EA54}.Debug|Any CPU.Build.0 = Debug|Any CPU
		{55776D52-9E3D-4509-925F-695FC9D8EA54}.Debug|x64.ActiveCfg = Debug|x64
		{55776D52-9E3D-4509-925F-695FC9D8EA54}.Debug|x64.Build.0 = Debug|x64
		{55776D52-9E3D-4509-925F-695FC9D8EA54}.Release|Any CPU.ActiveCfg = Release|Any CPU
		{55776D52-9E3D-4509-925F-695FC9D8EA54}.Release|Any CPU.Build.0 = Release|Any CPU
		{55776D52-9E3D-4509-925F-695FC9D8EA54}.Release|x64.ActiveCfg = Release|x64
		{55776D52-9E3D-4509-925F-695FC9D8EA54}.Release|x64.Build.0 = Release|x64
		{F07F0021-C221-4B7A-BF16-9381A80417BD}.Debug|Any CPU.ActiveCfg = Debug|Any CPU
		{F07F0021-C221-4B7A-BF16-9381A80417BD}.Debug|Any CPU.Build.0 = Debug|Any CPU
		{F07F0021-C221-4B7A-BF16-9381A80417BD}.Debug|x64.ActiveCfg = Debug|x64
		{F07F0021-C221-4B7A-BF16-9381A80417BD}.Debug|x64.Build.0 = Debug|x64
		{F07F0021-C221-4B7A-BF16-9381A80417BD}.Release|Any CPU.ActiveCfg = Release|Any CPU
		{F07F0021-C221-4B7A-BF16-9381A80417BD}.Release|Any CPU.Build.0 = Release|Any CPU
		{F07F0021-C221-4B7A-BF16-9381A80417BD}.Release|x64.ActiveCfg = Release|Any CPU
		{F07F0021-C221-4B7A-BF16-9381A80417BD}.Release|x64.Build.0 = Release|Any CPU
		{D51805D7-6133-4DB3-9F5C-0FC506165D59}.Debug|Any CPU.ActiveCfg = Debug|Any CPU
		{D51805D7-6133-4DB3-9F5C-0FC506165D59}.Debug|Any CPU.Build.0 = Debug|Any CPU
		{D51805D7-6133-4DB3-9F5C-0FC506165D59}.Debug|x64.ActiveCfg = Debug|x64
		{D51805D7-6133-4DB3-9F5C-0FC506165D59}.Debug|x64.Build.0 = Debug|x64
		{D51805D7-6133-4DB3-9F5C-0FC506165D59}.Release|Any CPU.ActiveCfg = Release|Any CPU
		{D51805D7-6133-4DB3-9F5C-0FC506165D59}.Release|Any CPU.Build.0 = Release|Any CPU
		{D51805D7-6133-4DB3-9F5C-0FC506165D59}.Release|x64.ActiveCfg = Release|Any CPU
		{D51805D7-6133-4DB3-9F5C-0FC506165D59}.Release|x64.Build.0 = Release|Any CPU
		{E9D6F03C-BFB5-4D31-A15E-7F789B4BBCC3}.Debug|Any CPU.ActiveCfg = Debug|Any CPU
		{E9D6F03C-BFB5-4D31-A15E-7F789B4BBCC3}.Debug|Any CPU.Build.0 = Debug|Any CPU
		{E9D6F03C-BFB5-4D31-A15E-7F789B4BBCC3}.Debug|x64.ActiveCfg = Debug|x64
		{E9D6F03C-BFB5-4D31-A15E-7F789B4BBCC3}.Debug|x64.Build.0 = Debug|x64
		{E9D6F03C-BFB5-4D31-A15E-7F789B4BBCC3}.Release|Any CPU.ActiveCfg = Release|Any CPU
		{E9D6F03C-BFB5-4D31-A15E-7F789B4BBCC3}.Release|Any CPU.Build.0 = Release|Any CPU
		{E9D6F03C-BFB5-4D31-A15E-7F789B4BBCC3}.Release|x64.ActiveCfg = Release|Any CPU
		{E9D6F03C-BFB5-4D31-A15E-7F789B4BBCC3}.Release|x64.Build.0 = Release|Any CPU
		{B0AA6A94-6784-4221-81F0-244A68C374C0}.Debug|Any CPU.ActiveCfg = Debug|Any CPU
		{B0AA6A94-6784-4221-81F0-244A68C374C0}.Debug|Any CPU.Build.0 = Debug|Any CPU
		{B0AA6A94-6784-4221-81F0-244A68C374C0}.Debug|x64.ActiveCfg = Debug|x64
		{B0AA6A94-6784-4221-81F0-244A68C374C0}.Debug|x64.Build.0 = Debug|x64
		{B0AA6A94-6784-4221-81F0-244A68C374C0}.Release|Any CPU.ActiveCfg = Release|Any CPU
		{B0AA6A94-6784-4221-81F0-244A68C374C0}.Release|Any CPU.Build.0 = Release|Any CPU
		{B0AA6A94-6784-4221-81F0-244A68C374C0}.Release|x64.ActiveCfg = Release|Any CPU
		{B0AA6A94-6784-4221-81F0-244A68C374C0}.Release|x64.Build.0 = Release|Any CPU
		{F19B58CF-07A6-4DAD-9ACE-D8C0E0BCA064}.Debug|Any CPU.ActiveCfg = Debug|Any CPU
		{F19B58CF-07A6-4DAD-9ACE-D8C0E0BCA064}.Debug|Any CPU.Build.0 = Debug|Any CPU
		{F19B58CF-07A6-4DAD-9ACE-D8C0E0BCA064}.Debug|x64.ActiveCfg = Debug|x64
		{F19B58CF-07A6-4DAD-9ACE-D8C0E0BCA064}.Debug|x64.Build.0 = Debug|x64
		{F19B58CF-07A6-4DAD-9ACE-D8C0E0BCA064}.Release|Any CPU.ActiveCfg = Release|Any CPU
		{F19B58CF-07A6-4DAD-9ACE-D8C0E0BCA064}.Release|Any CPU.Build.0 = Release|Any CPU
		{F19B58CF-07A6-4DAD-9ACE-D8C0E0BCA064}.Release|x64.ActiveCfg = Release|Any CPU
		{F19B58CF-07A6-4DAD-9ACE-D8C0E0BCA064}.Release|x64.Build.0 = Release|Any CPU
		{9A0DEE1E-4CF7-4B5B-B76E-5DC4C7C9BBA6}.Debug|Any CPU.ActiveCfg = Debug|Any CPU
		{9A0DEE1E-4CF7-4B5B-B76E-5DC4C7C9BBA6}.Debug|Any CPU.Build.0 = Debug|Any CPU
		{9A0DEE1E-4CF7-4B5B-B76E-5DC4C7C9BBA6}.Debug|x64.ActiveCfg = Debug|Any CPU
		{9A0DEE1E-4CF7-4B5B-B76E-5DC4C7C9BBA6}.Debug|x64.Build.0 = Debug|Any CPU
		{9A0DEE1E-4CF7-4B5B-B76E-5DC4C7C9BBA6}.Release|Any CPU.ActiveCfg = Release|Any CPU
		{9A0DEE1E-4CF7-4B5B-B76E-5DC4C7C9BBA6}.Release|Any CPU.Build.0 = Release|Any CPU
		{9A0DEE1E-4CF7-4B5B-B76E-5DC4C7C9BBA6}.Release|x64.ActiveCfg = Release|Any CPU
		{9A0DEE1E-4CF7-4B5B-B76E-5DC4C7C9BBA6}.Release|x64.Build.0 = Release|Any CPU
	EndGlobalSection
	GlobalSection(SolutionProperties) = preSolution
		HideSolutionNode = FALSE
	EndGlobalSection
	GlobalSection(NestedProjects) = preSolution
		{BEE3C803-FC62-43CC-AF8C-B235C8D51358} = {813FF9BB-385C-4C4B-B670-BA0C678FDAD3}
		{BE889C30-FC1C-4B2F-8686-44E4BB0FC333} = {813FF9BB-385C-4C4B-B670-BA0C678FDAD3}
		{8DCE4CE3-E4E2-4667-BD60-DCF9DD413426} = {813FF9BB-385C-4C4B-B670-BA0C678FDAD3}
		{7628E1DB-9B66-44C4-B3EE-BD55261452D6} = {813FF9BB-385C-4C4B-B670-BA0C678FDAD3}
		{0649EF81-84CA-4882-BB22-C0599BE5D3D1} = {813FF9BB-385C-4C4B-B670-BA0C678FDAD3}
		{F07F0021-C221-4B7A-BF16-9381A80417BD} = {813FF9BB-385C-4C4B-B670-BA0C678FDAD3}
	EndGlobalSection
	GlobalSection(ExtensibilityGlobals) = postSolution
		SolutionGuid = {5E2E3ADE-0903-4C63-AAE8-4D791950DF6E}
	EndGlobalSection
EndGlobal
