
Microsoft Visual Studio Solution File, Format Version 12.00
# Visual Studio 15
VisualStudioVersion = 15.0.28307.168
MinimumVisualStudioVersion = 10.0.40219.1
Project("{FAE04EC0-301F-11D3-BF4B-00C04F79EFBC}") = "SillyMonkey", "SillyMonkey\SillyMonkey.csproj", "{6FD8E12F-3513-4A7D-813C-6E23C93523AB}"
EndProject
Project("{FAE04EC0-301F-11D3-BF4B-00C04F79EFBC}") = "Test", "Test\Test.csproj", "{EB23B3C1-3CB4-406C-A342-CADA4AE07804}"
EndProject
Project("{FAE04EC0-301F-11D3-BF4B-00C04F79EFBC}") = "DataParse", "DataParse\DataParse.csproj", "{1D4E8891-2C00-4C85-A6B0-0EC68EC8F775}"
EndProject
Project("{FAE04EC0-301F-11D3-BF4B-00C04F79EFBC}") = "StdfReader", "StdfReader\StdfReader.csproj", "{2A700E65-844E-490F-BBC5-CF450821E021}"
EndProject
Project("{FAE04EC0-301F-11D3-BF4B-00C04F79EFBC}") = "DataAnalyser", "DataAnalyser\DataAnalyser.csproj", "{DCF73A3A-A9A9-4E81-8A97-BBBD7C3900F9}"
EndProject
Global
	GlobalSection(SolutionConfigurationPlatforms) = preSolution
		Debug|Any CPU = Debug|Any CPU
		Release|Any CPU = Release|Any CPU
	EndGlobalSection
	GlobalSection(ProjectConfigurationPlatforms) = postSolution
		{6FD8E12F-3513-4A7D-813C-6E23C93523AB}.Debug|Any CPU.ActiveCfg = Debug|Any CPU
		{6FD8E12F-3513-4A7D-813C-6E23C93523AB}.Debug|Any CPU.Build.0 = Debug|Any CPU
		{6FD8E12F-3513-4A7D-813C-6E23C93523AB}.Release|Any CPU.ActiveCfg = Release|Any CPU
		{6FD8E12F-3513-4A7D-813C-6E23C93523AB}.Release|Any CPU.Build.0 = Release|Any CPU
		{EB23B3C1-3CB4-406C-A342-CADA4AE07804}.Debug|Any CPU.ActiveCfg = Debug|Any CPU
		{EB23B3C1-3CB4-406C-A342-CADA4AE07804}.Debug|Any CPU.Build.0 = Debug|Any CPU
		{EB23B3C1-3CB4-406C-A342-CADA4AE07804}.Release|Any CPU.ActiveCfg = Release|Any CPU
		{EB23B3C1-3CB4-406C-A342-CADA4AE07804}.Release|Any CPU.Build.0 = Release|Any CPU
		{1D4E8891-2C00-4C85-A6B0-0EC68EC8F775}.Debug|Any CPU.ActiveCfg = Debug|Any CPU
		{1D4E8891-2C00-4C85-A6B0-0EC68EC8F775}.Debug|Any CPU.Build.0 = Debug|Any CPU
		{1D4E8891-2C00-4C85-A6B0-0EC68EC8F775}.Release|Any CPU.ActiveCfg = Release|Any CPU
		{1D4E8891-2C00-4C85-A6B0-0EC68EC8F775}.Release|Any CPU.Build.0 = Release|Any CPU
		{2A700E65-844E-490F-BBC5-CF450821E021}.Debug|Any CPU.ActiveCfg = Debug|Any CPU
		{2A700E65-844E-490F-BBC5-CF450821E021}.Debug|Any CPU.Build.0 = Debug|Any CPU
		{2A700E65-844E-490F-BBC5-CF450821E021}.Release|Any CPU.ActiveCfg = Release|Any CPU
		{2A700E65-844E-490F-BBC5-CF450821E021}.Release|Any CPU.Build.0 = Release|Any CPU
		{DCF73A3A-A9A9-4E81-8A97-BBBD7C3900F9}.Debug|Any CPU.ActiveCfg = Debug|Any CPU
		{DCF73A3A-A9A9-4E81-8A97-BBBD7C3900F9}.Debug|Any CPU.Build.0 = Debug|Any CPU
		{DCF73A3A-A9A9-4E81-8A97-BBBD7C3900F9}.Release|Any CPU.ActiveCfg = Release|Any CPU
		{DCF73A3A-A9A9-4E81-8A97-BBBD7C3900F9}.Release|Any CPU.Build.0 = Release|Any CPU
	EndGlobalSection
	GlobalSection(SolutionProperties) = preSolution
		HideSolutionNode = FALSE
	EndGlobalSection
	GlobalSection(ExtensibilityGlobals) = postSolution
		SolutionGuid = {5E2E3ADE-0903-4C63-AAE8-4D791950DF6E}
	EndGlobalSection
EndGlobal
